
Microsoft Visual Studio Solution File, Format Version 12.00
# Visual Studio Version 16
VisualStudioVersion = 16.0.32126.315
MinimumVisualStudioVersion = 10.0.40219.1
Project("{FAE04EC0-301F-11D3-BF4B-00C04F79EFBC}") = "Ex01_Basic", "Ex01_Basic\Ex01_Basic.csproj", "{151DC610-AF0E-4F26-AFD3-7661856A49BB}"
EndProject
Project("{FAE04EC0-301F-11D3-BF4B-00C04F79EFBC}") = "Ex02_Basic", "Ex02_Basic\Ex02_Basic.csproj", "{11E7D89B-C65F-4755-B67B-2016BE057D13}"
EndProject
Project("{FAE04EC0-301F-11D3-BF4B-00C04F79EFBC}") = "Ex03_EmpLib", "Ex03_EmpLib\Ex03_EmpLib.csproj", "{3416782D-DE75-462E-84AA-3C910DF9A2CF}"
EndProject
Project("{FAE04EC0-301F-11D3-BF4B-00C04F79EFBC}") = "Ex04_RefType", "Ex04_RefType\Ex04_RefType.csproj", "{A6753772-0F7B-4977-A0CB-099C31E781F4}"
EndProject
Project("{FAE04EC0-301F-11D3-BF4B-00C04F79EFBC}") = "Ex05_ValueType", "Ex05_ValueType\Ex05_ValueType.csproj", "{7E55B8BB-CCAB-4EF0-9A56-A234F69903FF}"
EndProject
Project("{FAE04EC0-301F-11D3-BF4B-00C04F79EFBC}") = "Ex08_Statement3", "Ex08_Statement3\Ex08_Statement3.csproj", "{252BC4DB-64F3-461E-B6A4-0ACEF9F75008}"
EndProject
Project("{FAE04EC0-301F-11D3-BF4B-00C04F79EFBC}") = "Ex12_class", "Ex12_class\Ex12_class.csproj", "{EE7868DE-E17A-4400-A0B1-59C0A6151C37}"
EndProject
Project("{FAE04EC0-301F-11D3-BF4B-00C04F79EFBC}") = "Ex13_static", "Ex13_static\Ex13_static.csproj", "{E4C0C8A3-61A4-4881-BB85-E5C7EB41F8F6}"
EndProject
Project("{FAE04EC0-301F-11D3-BF4B-00C04F79EFBC}") = "Ex14_Static", "Ex14_Static\Ex14_Static.csproj", "{EC91CF23-8879-4DA4-ABF3-782E549070EC}"
EndProject
Project("{FAE04EC0-301F-11D3-BF4B-00C04F79EFBC}") = "Ex15_Static_scope", "Ex15_Static_scope\Ex15_Static_scope.csproj", "{FBB46C57-6587-425B-B197-273C7DB788DF}"
EndProject
Project("{FAE04EC0-301F-11D3-BF4B-00C04F79EFBC}") = "Ex16_Constructor", "Ex16_Constructor\Ex16_Constructor.csproj", "{FF53A24D-80BC-44E8-B6D3-9DEABDEC4D7B}"
EndProject
Global
	GlobalSection(SolutionConfigurationPlatforms) = preSolution
		Debug|Any CPU = Debug|Any CPU
		Release|Any CPU = Release|Any CPU
	EndGlobalSection
	GlobalSection(ProjectConfigurationPlatforms) = postSolution
		{151DC610-AF0E-4F26-AFD3-7661856A49BB}.Debug|Any CPU.ActiveCfg = Debug|Any CPU
		{151DC610-AF0E-4F26-AFD3-7661856A49BB}.Debug|Any CPU.Build.0 = Debug|Any CPU
		{151DC610-AF0E-4F26-AFD3-7661856A49BB}.Release|Any CPU.ActiveCfg = Release|Any CPU
		{151DC610-AF0E-4F26-AFD3-7661856A49BB}.Release|Any CPU.Build.0 = Release|Any CPU
		{11E7D89B-C65F-4755-B67B-2016BE057D13}.Debug|Any CPU.ActiveCfg = Debug|Any CPU
		{11E7D89B-C65F-4755-B67B-2016BE057D13}.Debug|Any CPU.Build.0 = Debug|Any CPU
		{11E7D89B-C65F-4755-B67B-2016BE057D13}.Release|Any CPU.ActiveCfg = Release|Any CPU
		{11E7D89B-C65F-4755-B67B-2016BE057D13}.Release|Any CPU.Build.0 = Release|Any CPU
		{3416782D-DE75-462E-84AA-3C910DF9A2CF}.Debug|Any CPU.ActiveCfg = Debug|Any CPU
		{3416782D-DE75-462E-84AA-3C910DF9A2CF}.Debug|Any CPU.Build.0 = Debug|Any CPU
		{3416782D-DE75-462E-84AA-3C910DF9A2CF}.Release|Any CPU.ActiveCfg = Release|Any CPU
		{3416782D-DE75-462E-84AA-3C910DF9A2CF}.Release|Any CPU.Build.0 = Release|Any CPU
		{A6753772-0F7B-4977-A0CB-099C31E781F4}.Debug|Any CPU.ActiveCfg = Debug|Any CPU
		{A6753772-0F7B-4977-A0CB-099C31E781F4}.Debug|Any CPU.Build.0 = Debug|Any CPU
		{A6753772-0F7B-4977-A0CB-099C31E781F4}.Release|Any CPU.ActiveCfg = Release|Any CPU
		{A6753772-0F7B-4977-A0CB-099C31E781F4}.Release|Any CPU.Build.0 = Release|Any CPU
		{7E55B8BB-CCAB-4EF0-9A56-A234F69903FF}.Debug|Any CPU.ActiveCfg = Debug|Any CPU
		{7E55B8BB-CCAB-4EF0-9A56-A234F69903FF}.Debug|Any CPU.Build.0 = Debug|Any CPU
		{7E55B8BB-CCAB-4EF0-9A56-A234F69903FF}.Release|Any CPU.ActiveCfg = Release|Any CPU
		{7E55B8BB-CCAB-4EF0-9A56-A234F69903FF}.Release|Any CPU.Build.0 = Release|Any CPU
		{252BC4DB-64F3-461E-B6A4-0ACEF9F75008}.Debug|Any CPU.ActiveCfg = Debug|Any CPU
		{252BC4DB-64F3-461E-B6A4-0ACEF9F75008}.Debug|Any CPU.Build.0 = Debug|Any CPU
		{252BC4DB-64F3-461E-B6A4-0ACEF9F75008}.Release|Any CPU.ActiveCfg = Release|Any CPU
		{252BC4DB-64F3-461E-B6A4-0ACEF9F75008}.Release|Any CPU.Build.0 = Release|Any CPU
		{EE7868DE-E17A-4400-A0B1-59C0A6151C37}.Debug|Any CPU.ActiveCfg = Debug|Any CPU
		{EE7868DE-E17A-4400-A0B1-59C0A6151C37}.Debug|Any CPU.Build.0 = Debug|Any CPU
		{EE7868DE-E17A-4400-A0B1-59C0A6151C37}.Release|Any CPU.ActiveCfg = Release|Any CPU
		{EE7868DE-E17A-4400-A0B1-59C0A6151C37}.Release|Any CPU.Build.0 = Release|Any CPU
		{E4C0C8A3-61A4-4881-BB85-E5C7EB41F8F6}.Debug|Any CPU.ActiveCfg = Debug|Any CPU
		{E4C0C8A3-61A4-4881-BB85-E5C7EB41F8F6}.Debug|Any CPU.Build.0 = Debug|Any CPU
		{E4C0C8A3-61A4-4881-BB85-E5C7EB41F8F6}.Release|Any CPU.ActiveCfg = Release|Any CPU
		{E4C0C8A3-61A4-4881-BB85-E5C7EB41F8F6}.Release|Any CPU.Build.0 = Release|Any CPU
		{EC91CF23-8879-4DA4-ABF3-782E549070EC}.Debug|Any CPU.ActiveCfg = Debug|Any CPU
		{EC91CF23-8879-4DA4-ABF3-782E549070EC}.Debug|Any CPU.Build.0 = Debug|Any CPU
		{EC91CF23-8879-4DA4-ABF3-782E549070EC}.Release|Any CPU.ActiveCfg = Release|Any CPU
		{EC91CF23-8879-4DA4-ABF3-782E549070EC}.Release|Any CPU.Build.0 = Release|Any CPU
		{FBB46C57-6587-425B-B197-273C7DB788DF}.Debug|Any CPU.ActiveCfg = Debug|Any CPU
		{FBB46C57-6587-425B-B197-273C7DB788DF}.Debug|Any CPU.Build.0 = Debug|Any CPU
		{FBB46C57-6587-425B-B197-273C7DB788DF}.Release|Any CPU.ActiveCfg = Release|Any CPU
		{FBB46C57-6587-425B-B197-273C7DB788DF}.Release|Any CPU.Build.0 = Release|Any CPU
		{FF53A24D-80BC-44E8-B6D3-9DEABDEC4D7B}.Debug|Any CPU.ActiveCfg = Debug|Any CPU
		{FF53A24D-80BC-44E8-B6D3-9DEABDEC4D7B}.Debug|Any CPU.Build.0 = Debug|Any CPU
		{FF53A24D-80BC-44E8-B6D3-9DEABDEC4D7B}.Release|Any CPU.ActiveCfg = Release|Any CPU
		{FF53A24D-80BC-44E8-B6D3-9DEABDEC4D7B}.Release|Any CPU.Build.0 = Release|Any CPU
	EndGlobalSection
	GlobalSection(SolutionProperties) = preSolution
		HideSolutionNode = FALSE
	EndGlobalSection
	GlobalSection(ExtensibilityGlobals) = postSolution
		SolutionGuid = {FA87CE36-2920-40B2-9B94-C3349BA8EAF4}
	EndGlobalSection
EndGlobal
